{
  "lockfileVersion": 1,
  "workspaces": {
    "": {
      "name": "example-openai-deep-research-agent-ts-gcp",
      "dependencies": {
        "@resonatehq/gcp": "^0.1.4",
        "openai": "^6.6.0",
      },
      "devDependencies": {
        "@types/node": "^24.9.0",
        "typescript": "^5.9.3",
      },
    },
  },
  "packages": {
    "@resonatehq/gcp": ["@resonatehq/gcp@0.1.4", "", { "dependencies": { "@resonatehq/sdk": "^0.8.4" }, "peerDependencies": { "typescript": "^5.9.3" } }, "sha512-NSEbMsb/5TSybyjAuGhqSPyKlRWDkxFtHsP0JrYK2ni1YGbi024CUj7DCt1G7mro51g10DCuGR7OjI5aoGBxug=="],

    "@resonatehq/sdk": ["@resonatehq/sdk@0.8.4", "", { "dependencies": { "cron-parser": "^5.3.0", "eventsource": "^4.0.0" } }, "sha512-d1tbb5LV6NJfUlyFImGwAzPgeqQvY7Nf3VCfJecKvwCvO5nKQo8MusqDoy+IlMi1QkYXw/BtNhWuSkt6rlOrlA=="],

    "@types/node": ["@types/node@24.9.0", "", { "dependencies": { "undici-types": "~7.16.0" } }, "sha512-MKNwXh3seSK8WurXF7erHPJ2AONmMwkI7zAMrXZDPIru8jRqkk6rGDBVbw4mLwfqA+ZZliiDPg05JQ3uW66tKQ=="],

    "cron-parser": ["cron-parser@5.4.0", "", { "dependencies": { "luxon": "^3.7.1" } }, "sha512-HxYB8vTvnQFx4dLsZpGRa0uHp6X3qIzS3ZJgJ9v6l/5TJMgeWQbLkR5yiJ5hOxGbc9+jCADDnydIe15ReLZnJA=="],

    "eventsource": ["eventsource@4.0.0", "", { "dependencies": { "eventsource-parser": "^3.0.1" } }, "sha512-fvIkb9qZzdMxgZrEQDyll+9oJsyaVvY92I2Re+qK0qEJ+w5s0X3dtz+M0VAPOjP1gtU3iqWyjQ0G3nvd5CLZ2g=="],

    "eventsource-parser": ["eventsource-parser@3.0.6", "", {}, "sha512-Vo1ab+QXPzZ4tCa8SwIHJFaSzy4R6SHf7BY79rFBDf0idraZWAkYrDjDj8uWaSm3S2TK+hJ7/t1CEmZ7jXw+pg=="],

    "luxon": ["luxon@3.7.2", "", {}, "sha512-vtEhXh/gNjI9Yg1u4jX/0YVPMvxzHuGgCm6tC5kZyb08yjGWGnqAjGJvcXbqQR2P3MyMEFnRbpcdFS6PBcLqew=="],

    "openai": ["openai@6.6.0", "", { "peerDependencies": { "ws": "^8.18.0", "zod": "^3.25 || ^4.0" }, "optionalPeers": ["ws", "zod"], "bin": { "openai": "bin/cli" } }, "sha512-1yWk4cBsHF5Bq9TreHYOHY7pbqdlT74COnm8vPx7WKn36StS+Hyk8DdAitnLaw67a5Cudkz5EmlFQjSrNnrA2w=="],

    "typescript": ["typescript@5.9.3", "", { "bin": { "tsc": "bin/tsc", "tsserver": "bin/tsserver" } }, "sha512-jl1vZzPDinLr9eUt3J/t7V6FgNEw9QjvBPdysz9KfQDD41fQrC2Y4vKQdiaUpFT4bXlb1RHhLpp8wtm6M5TgSw=="],

    "undici-types": ["undici-types@7.16.0", "", {}, "sha512-Zz+aZWSj8LE6zoxD+xrjh4VfkIG8Ya6LvYkZqtUQGJPZjYl53ypCaUwWqo7eI0x66KBGeRo+mlBEkMSeSZ38Nw=="],
  }
}
